{
    "version": 3,
    "terraform_version": "0.11.10",
    "serial": 3,
    "lineage": "45dfca9d-f66d-0559-dad4-9a8e0b51ce55",
    "modules": [
        {
            "path": [
                "root"
            ],
            "outputs": {
                "storage_account_primary_access_key": {
                    "sensitive": false,
                    "type": "string",
                    "value": "nja4jOSX520e5YpX9VoHVEH03/e1sInme1PqQTYeiPj+QVUvZKCg0k1mdjv7HVON9Rx6XuhdXZa8VZJIAXsPWA=="
                }
            },
            "resources": {
                "azurerm_resource_group.rg-demo": {
                    "type": "azurerm_resource_group",
                    "depends_on": [],
                    "primary": {
                        "id": "/subscriptions/cb6771a6-29c8-4fdd-9aec-17bc1386dc8a/resourceGroups/rg-demo",
                        "attributes": {
                            "id": "/subscriptions/cb6771a6-29c8-4fdd-9aec-17bc1386dc8a/resourceGroups/rg-demo",
                            "location": "westeurope",
                            "name": "rg-demo",
                            "tags.%": "0"
                        },
                        "meta": {},
                        "tainted": false
                    },
                    "deposed": [],
                    "provider": "provider.azurerm"
                },
                "azurerm_storage_account.rg-demo-tfstate": {
                    "type": "azurerm_storage_account",
                    "depends_on": [
                        "azurerm_resource_group.rg-demo"
                    ],
                    "primary": {
                        "id": "/subscriptions/cb6771a6-29c8-4fdd-9aec-17bc1386dc8a/resourceGroups/rg-demo/providers/Microsoft.Storage/storageAccounts/exxtfremotestate",
                        "attributes": {
                            "access_tier": "",
                            "account_encryption_source": "Microsoft.Storage",
                            "account_kind": "Storage",
                            "account_replication_type": "LRS",
                            "account_tier": "Standard",
                            "account_type": "Standard_LRS",
                            "enable_blob_encryption": "true",
                            "enable_file_encryption": "true",
                            "enable_https_traffic_only": "false",
                            "id": "/subscriptions/cb6771a6-29c8-4fdd-9aec-17bc1386dc8a/resourceGroups/rg-demo/providers/Microsoft.Storage/storageAccounts/exxtfremotestate",
                            "identity.#": "0",
                            "location": "westeurope",
                            "name": "exxtfremotestate",
                            "network_rules.#": "0",
                            "primary_access_key": "nja4jOSX520e5YpX9VoHVEH03/e1sInme1PqQTYeiPj+QVUvZKCg0k1mdjv7HVON9Rx6XuhdXZa8VZJIAXsPWA==",
                            "primary_blob_connection_string": "DefaultEndpointsProtocol=https;BlobEndpoint=https://exxtfremotestate.blob.core.windows.net/;AccountName=exxtfremotestate;AccountKey=nja4jOSX520e5YpX9VoHVEH03/e1sInme1PqQTYeiPj+QVUvZKCg0k1mdjv7HVON9Rx6XuhdXZa8VZJIAXsPWA==",
                            "primary_blob_endpoint": "https://exxtfremotestate.blob.core.windows.net/",
                            "primary_connection_string": "DefaultEndpointsProtocol=https;AccountName=exxtfremotestate;AccountKey=nja4jOSX520e5YpX9VoHVEH03/e1sInme1PqQTYeiPj+QVUvZKCg0k1mdjv7HVON9Rx6XuhdXZa8VZJIAXsPWA==;EndpointSuffix=core.windows.net",
                            "primary_file_endpoint": "https://exxtfremotestate.file.core.windows.net/",
                            "primary_location": "westeurope",
                            "primary_queue_endpoint": "https://exxtfremotestate.queue.core.windows.net/",
                            "primary_table_endpoint": "https://exxtfremotestate.table.core.windows.net/",
                            "resource_group_name": "rg-demo",
                            "secondary_access_key": "wMMa65i80d7j3G6a+KE8B2JFs9q9TyO06gq1VJNUHqCRY0Cey0BXfs6E+GGCIW8N1dm5af3UXuNNhmbTLh5PfA==",
                            "secondary_connection_string": "DefaultEndpointsProtocol=https;AccountName=exxtfremotestate;AccountKey=wMMa65i80d7j3G6a+KE8B2JFs9q9TyO06gq1VJNUHqCRY0Cey0BXfs6E+GGCIW8N1dm5af3UXuNNhmbTLh5PfA==;EndpointSuffix=core.windows.net",
                            "secondary_location": "",
                            "tags.%": "0"
                        },
                        "meta": {
                            "schema_version": "2"
                        },
                        "tainted": false
                    },
                    "deposed": [],
                    "provider": "provider.azurerm"
                },
                "azurerm_storage_container.rg-demo-tfstate-demo": {
                    "type": "azurerm_storage_container",
                    "depends_on": [
                        "azurerm_resource_group.rg-demo",
                        "azurerm_storage_account.rg-demo-tfstate"
                    ],
                    "primary": {
                        "id": "https://exxtfremotestate.blob.core.windows.net/demo",
                        "attributes": {
                            "container_access_type": "private",
                            "id": "https://exxtfremotestate.blob.core.windows.net/demo",
                            "name": "demo",
                            "properties.%": "4",
                            "properties.last_modified": "Thu, 08 Nov 2018 08:42:28 GMT",
                            "properties.lease_duration": "",
                            "properties.lease_state": "available",
                            "properties.lease_status": "unlocked",
                            "resource_group_name": "rg-demo",
                            "storage_account_name": "exxtfremotestate"
                        },
                        "meta": {
                            "schema_version": "1"
                        },
                        "tainted": false
                    },
                    "deposed": [],
                    "provider": "provider.azurerm"
                },
                "data.azurerm_storage_account.rg-demo-tf-state": {
                    "type": "azurerm_storage_account",
                    "depends_on": [
                        "azurerm_resource_group.rg-demo",
                        "azurerm_storage_account.rg-demo-tfstate"
                    ],
                    "primary": {
                        "id": "/subscriptions/cb6771a6-29c8-4fdd-9aec-17bc1386dc8a/resourceGroups/rg-demo/providers/Microsoft.Storage/storageAccounts/exxtfremotestate",
                        "attributes": {
                            "access_tier": "",
                            "account_encryption_source": "Microsoft.Storage",
                            "account_kind": "Storage",
                            "account_replication_type": "LRS",
                            "account_tier": "Standard",
                            "enable_blob_encryption": "true",
                            "enable_file_encryption": "true",
                            "enable_https_traffic_only": "false",
                            "id": "/subscriptions/cb6771a6-29c8-4fdd-9aec-17bc1386dc8a/resourceGroups/rg-demo/providers/Microsoft.Storage/storageAccounts/exxtfremotestate",
                            "location": "westeurope",
                            "name": "exxtfremotestate",
                            "primary_access_key": "nja4jOSX520e5YpX9VoHVEH03/e1sInme1PqQTYeiPj+QVUvZKCg0k1mdjv7HVON9Rx6XuhdXZa8VZJIAXsPWA==",
                            "primary_blob_connection_string": "DefaultEndpointsProtocol=https;BlobEndpoint=https://exxtfremotestate.blob.core.windows.net/;AccountName=exxtfremotestate;AccountKey=nja4jOSX520e5YpX9VoHVEH03/e1sInme1PqQTYeiPj+QVUvZKCg0k1mdjv7HVON9Rx6XuhdXZa8VZJIAXsPWA==",
                            "primary_blob_endpoint": "https://exxtfremotestate.blob.core.windows.net/",
                            "primary_connection_string": "DefaultEndpointsProtocol=https;AccountName=exxtfremotestate;AccountKey=nja4jOSX520e5YpX9VoHVEH03/e1sInme1PqQTYeiPj+QVUvZKCg0k1mdjv7HVON9Rx6XuhdXZa8VZJIAXsPWA==;EndpointSuffix=core.windows.net",
                            "primary_file_endpoint": "https://exxtfremotestate.file.core.windows.net/",
                            "primary_location": "westeurope",
                            "primary_queue_endpoint": "https://exxtfremotestate.queue.core.windows.net/",
                            "primary_table_endpoint": "https://exxtfremotestate.table.core.windows.net/",
                            "resource_group_name": "rg-demo",
                            "secondary_access_key": "wMMa65i80d7j3G6a+KE8B2JFs9q9TyO06gq1VJNUHqCRY0Cey0BXfs6E+GGCIW8N1dm5af3UXuNNhmbTLh5PfA==",
                            "secondary_connection_string": "DefaultEndpointsProtocol=https;AccountName=exxtfremotestate;AccountKey=wMMa65i80d7j3G6a+KE8B2JFs9q9TyO06gq1VJNUHqCRY0Cey0BXfs6E+GGCIW8N1dm5af3UXuNNhmbTLh5PfA==;EndpointSuffix=core.windows.net",
                            "secondary_location": "",
                            "tags.%": "0"
                        },
                        "meta": {},
                        "tainted": false
                    },
                    "deposed": [],
                    "provider": "provider.azurerm"
                }
            },
            "depends_on": []
        }
    ]
}
